
Microsoft Visual Studio Solution File, Format Version 12.00
# Visual Studio Version 16
VisualStudioVersion = 16.0.30717.126
MinimumVisualStudioVersion = 10.0.40219.1
Project("{FAE04EC0-301F-11D3-BF4B-00C04F79EFBC}") = "PetServicce", "PetServicce\PetServicce.csproj", "{6D4514AE-8067-4AFF-AEB1-F0CD4BE6521E}"
EndProject
Global
	GlobalSection(SolutionConfigurationPlatforms) = preSolution
		Debug|Any CPU = Debug|Any CPU
		Release|Any CPU = Release|Any CPU
	EndGlobalSection
	GlobalSection(ProjectConfigurationPlatforms) = postSolution
		{6D4514AE-8067-4AFF-AEB1-F0CD4BE6521E}.Debug|Any CPU.ActiveCfg = Debug|Any CPU
		{6D4514AE-8067-4AFF-AEB1-F0CD4BE6521E}.Debug|Any CPU.Build.0 = Debug|Any CPU
		{6D4514AE-8067-4AFF-AEB1-F0CD4BE6521E}.Release|Any CPU.ActiveCfg = Release|Any CPU
		{6D4514AE-8067-4AFF-AEB1-F0CD4BE6521E}.Release|Any CPU.Build.0 = Release|Any CPU
	EndGlobalSection
	GlobalSection(SolutionProperties) = preSolution
		HideSolutionNode = FALSE
	EndGlobalSection
	GlobalSection(ExtensibilityGlobals) = postSolution
		SolutionGuid = {333B5C6F-6053-4FC7-A62C-BB5DBDE4AB21}
	EndGlobalSection
EndGlobal
